
Microsoft Visual Studio Solution File, Format Version 12.00
# Visual Studio Version 17
VisualStudioVersion = 17.6.33815.320
MinimumVisualStudioVersion = 10.0.40219.1
Project("{FAE04EC0-301F-11D3-BF4B-00C04F79EFBC}") = "C# Lab 2 - Quection 2", "C# Lab 2 - Quection 2\C# Lab 2 - Quection 2.csproj", "{DA70CB8E-F054-44D3-967B-23B7C5003825}"
EndProject
Global
	GlobalSection(SolutionConfigurationPlatforms) = preSolution
		Debug|Any CPU = Debug|Any CPU
		Release|Any CPU = Release|Any CPU
	EndGlobalSection
	GlobalSection(ProjectConfigurationPlatforms) = postSolution
		{DA70CB8E-F054-44D3-967B-23B7C5003825}.Debug|Any CPU.ActiveCfg = Debug|Any CPU
		{DA70CB8E-F054-44D3-967B-23B7C5003825}.Debug|Any CPU.Build.0 = Debug|Any CPU
		{DA70CB8E-F054-44D3-967B-23B7C5003825}.Release|Any CPU.ActiveCfg = Release|Any CPU
		{DA70CB8E-F054-44D3-967B-23B7C5003825}.Release|Any CPU.Build.0 = Release|Any CPU
	EndGlobalSection
	GlobalSection(SolutionProperties) = preSolution
		HideSolutionNode = FALSE
	EndGlobalSection
	GlobalSection(ExtensibilityGlobals) = postSolution
		SolutionGuid = {A01729C3-F85F-48CC-9971-6CF5BE4E7B2F}
	EndGlobalSection
EndGlobal
