
Microsoft Visual Studio Solution File, Format Version 12.00
# Visual Studio Version 17
VisualStudioVersion = 17.6.33815.320
MinimumVisualStudioVersion = 10.0.40219.1
Project("{FAE04EC0-301F-11D3-BF4B-00C04F79EFBC}") = "C# Lab 4 - Q 1.1", "C# Lab 4 - Q 1.1\C# Lab 4 - Q 1.1.csproj", "{8CCBF599-21FB-423C-9B5D-56D0DB8756F3}"
EndProject
Global
	GlobalSection(SolutionConfigurationPlatforms) = preSolution
		Debug|Any CPU = Debug|Any CPU
		Release|Any CPU = Release|Any CPU
	EndGlobalSection
	GlobalSection(ProjectConfigurationPlatforms) = postSolution
		{8CCBF599-21FB-423C-9B5D-56D0DB8756F3}.Debug|Any CPU.ActiveCfg = Debug|Any CPU
		{8CCBF599-21FB-423C-9B5D-56D0DB8756F3}.Debug|Any CPU.Build.0 = Debug|Any CPU
		{8CCBF599-21FB-423C-9B5D-56D0DB8756F3}.Release|Any CPU.ActiveCfg = Release|Any CPU
		{8CCBF599-21FB-423C-9B5D-56D0DB8756F3}.Release|Any CPU.Build.0 = Release|Any CPU
	EndGlobalSection
	GlobalSection(SolutionProperties) = preSolution
		HideSolutionNode = FALSE
	EndGlobalSection
	GlobalSection(ExtensibilityGlobals) = postSolution
		SolutionGuid = {24050C17-379A-4810-80CC-F2E6E046015C}
	EndGlobalSection
EndGlobal
