
Microsoft Visual Studio Solution File, Format Version 12.00
# Visual Studio Version 17
VisualStudioVersion = 17.6.33815.320
MinimumVisualStudioVersion = 10.0.40219.1
Project("{FAE04EC0-301F-11D3-BF4B-00C04F79EFBC}") = "Lab 6 - Q 6", "Lab 6 - Q 6\Lab 6 - Q 6.csproj", "{EA560977-03FE-4B9B-85A5-B4287F43F5B3}"
EndProject
Global
	GlobalSection(SolutionConfigurationPlatforms) = preSolution
		Debug|Any CPU = Debug|Any CPU
		Release|Any CPU = Release|Any CPU
	EndGlobalSection
	GlobalSection(ProjectConfigurationPlatforms) = postSolution
		{EA560977-03FE-4B9B-85A5-B4287F43F5B3}.Debug|Any CPU.ActiveCfg = Debug|Any CPU
		{EA560977-03FE-4B9B-85A5-B4287F43F5B3}.Debug|Any CPU.Build.0 = Debug|Any CPU
		{EA560977-03FE-4B9B-85A5-B4287F43F5B3}.Release|Any CPU.ActiveCfg = Release|Any CPU
		{EA560977-03FE-4B9B-85A5-B4287F43F5B3}.Release|Any CPU.Build.0 = Release|Any CPU
	EndGlobalSection
	GlobalSection(SolutionProperties) = preSolution
		HideSolutionNode = FALSE
	EndGlobalSection
	GlobalSection(ExtensibilityGlobals) = postSolution
		SolutionGuid = {061E99A4-B1F7-41E3-B0D6-D0B9E60367F4}
	EndGlobalSection
EndGlobal
