
Microsoft Visual Studio Solution File, Format Version 12.00
# Visual Studio Version 17
VisualStudioVersion = 17.6.33815.320
MinimumVisualStudioVersion = 10.0.40219.1
Project("{FAE04EC0-301F-11D3-BF4B-00C04F79EFBC}") = "C# Lab 3 - Quection 2", "C# Lab 3 - Quection 2\C# Lab 3 - Quection 2.csproj", "{77B7BA0C-2F88-422B-A18C-AA915E51CC8D}"
EndProject
Global
	GlobalSection(SolutionConfigurationPlatforms) = preSolution
		Debug|Any CPU = Debug|Any CPU
		Release|Any CPU = Release|Any CPU
	EndGlobalSection
	GlobalSection(ProjectConfigurationPlatforms) = postSolution
		{77B7BA0C-2F88-422B-A18C-AA915E51CC8D}.Debug|Any CPU.ActiveCfg = Debug|Any CPU
		{77B7BA0C-2F88-422B-A18C-AA915E51CC8D}.Debug|Any CPU.Build.0 = Debug|Any CPU
		{77B7BA0C-2F88-422B-A18C-AA915E51CC8D}.Release|Any CPU.ActiveCfg = Release|Any CPU
		{77B7BA0C-2F88-422B-A18C-AA915E51CC8D}.Release|Any CPU.Build.0 = Release|Any CPU
	EndGlobalSection
	GlobalSection(SolutionProperties) = preSolution
		HideSolutionNode = FALSE
	EndGlobalSection
	GlobalSection(ExtensibilityGlobals) = postSolution
		SolutionGuid = {A7791EC2-867F-415C-9977-BD58359E3ADA}
	EndGlobalSection
EndGlobal
